
Microsoft Visual Studio Solution File, Format Version 12.00
# Visual Studio Version 17
VisualStudioVersion = 17.0.31903.59
MinimumVisualStudioVersion = 10.0.40219.1
Project("{2150E333-8FDC-42A3-9474-1A3956D46DE8}") = "src", "src", "{854F1EEC-7B41-4AF6-9B89-66043604C657}"
EndProject
Project("{FAE04EC0-301F-11D3-BF4B-00C04F79EFBC}") = "StrongMTA.Core", "src\StrongMTA.Core\StrongMTA.Core.csproj", "{62B0A005-55B3-481A-977E-09E5AE63839D}"
EndProject
Project("{FAE04EC0-301F-11D3-BF4B-00C04F79EFBC}") = "StrongMTA.Spool", "src\StrongMTA.Spool\StrongMTA.Spool.csproj", "{08CA73EC-E40F-40F3-A254-C4C30B1981F7}"
EndProject
Project("{FAE04EC0-301F-11D3-BF4B-00C04F79EFBC}") = "StrongMTA.Dkim", "src\StrongMTA.Dkim\StrongMTA.Dkim.csproj", "{615E53B2-2B4E-41B9-BA4E-E7668A4C0A23}"
EndProject
Project("{FAE04EC0-301F-11D3-BF4B-00C04F79EFBC}") = "StrongMTA.Smtp.Client", "src\StrongMTA.Smtp.Client\StrongMTA.Smtp.Client.csproj", "{E36375C6-E090-4D6A-B46F-46B1B81B553B}"
EndProject
Project("{FAE04EC0-301F-11D3-BF4B-00C04F79EFBC}") = "StrongMTA.Smtp.Server", "src\StrongMTA.Smtp.Server\StrongMTA.Smtp.Server.csproj", "{E77460F7-689D-4C22-B1E6-D12436F168DA}"
EndProject
Project("{FAE04EC0-301F-11D3-BF4B-00C04F79EFBC}") = "StrongMTA.Bounce", "src\StrongMTA.Bounce\StrongMTA.Bounce.csproj", "{B08995BE-AB88-4F9E-9929-8488A76FEAD8}"
EndProject
Project("{FAE04EC0-301F-11D3-BF4B-00C04F79EFBC}") = "StrongMTA.Accounting", "src\StrongMTA.Accounting\StrongMTA.Accounting.csproj", "{8E202607-E020-448B-819B-F39C71F6F5A5}"
EndProject
Project("{FAE04EC0-301F-11D3-BF4B-00C04F79EFBC}") = "StrongMTA.Engine", "src\StrongMTA.Engine\StrongMTA.Engine.csproj", "{F0477D7F-D5B1-45FE-B411-64529D26721C}"
EndProject
Project("{FAE04EC0-301F-11D3-BF4B-00C04F79EFBC}") = "StrongMTA.Cli", "src\StrongMTA.Cli\StrongMTA.Cli.csproj", "{D507CF1A-493E-4346-B4F3-4ED01DBB5402}"
EndProject
Project("{FAE04EC0-301F-11D3-BF4B-00C04F79EFBC}") = "StrongMTA.Daemon", "src\StrongMTA.Daemon\StrongMTA.Daemon.csproj", "{BC4E53D6-D017-44B0-B905-EA9F47A6205E}"
EndProject
Project("{2150E333-8FDC-42A3-9474-1A3956D46DE8}") = "tests", "tests", "{57E994DB-21F7-439B-859D-638559A465FB}"
EndProject
Project("{FAE04EC0-301F-11D3-BF4B-00C04F79EFBC}") = "StrongMTA.Core.Tests", "tests\StrongMTA.Core.Tests\StrongMTA.Core.Tests.csproj", "{94C39BD2-60B8-4B81-8926-0F0FB3613ECA}"
EndProject
Project("{FAE04EC0-301F-11D3-BF4B-00C04F79EFBC}") = "StrongMTA.Spool.Tests", "tests\StrongMTA.Spool.Tests\StrongMTA.Spool.Tests.csproj", "{902669F7-29B0-4236-8041-597E0F298F0D}"
EndProject
Project("{FAE04EC0-301F-11D3-BF4B-00C04F79EFBC}") = "StrongMTA.Smtp.Client.Tests", "tests\StrongMTA.Smtp.Client.Tests\StrongMTA.Smtp.Client.Tests.csproj", "{89FA61DD-FAB3-4B08-AACE-4669B919AE71}"
EndProject
Project("{FAE04EC0-301F-11D3-BF4B-00C04F79EFBC}") = "StrongMTA.Bounce.Tests", "tests\StrongMTA.Bounce.Tests\StrongMTA.Bounce.Tests.csproj", "{B80295A6-E316-4117-ABF2-FC7C3A997D8E}"
EndProject
Project("{FAE04EC0-301F-11D3-BF4B-00C04F79EFBC}") = "StrongMTA.Engine.Tests", "tests\StrongMTA.Engine.Tests\StrongMTA.Engine.Tests.csproj", "{98488F0C-548C-4582-B678-ED17E30A68CE}"
EndProject
Project("{FAE04EC0-301F-11D3-BF4B-00C04F79EFBC}") = "StrongMTA.Dkim.Tests", "tests\StrongMTA.Dkim.Tests\StrongMTA.Dkim.Tests.csproj", "{69FA0085-AF1C-43A3-AFDD-80CB55B0E4DA}"
EndProject
Project("{FAE04EC0-301F-11D3-BF4B-00C04F79EFBC}") = "StrongMTA.Smtp.Server.Tests", "tests\StrongMTA.Smtp.Server.Tests\StrongMTA.Smtp.Server.Tests.csproj", "{BB4A6B64-689A-47ED-9423-74B2510FCC51}"
EndProject
Project("{FAE04EC0-301F-11D3-BF4B-00C04F79EFBC}") = "StrongMTA.Accounting.Tests", "tests\StrongMTA.Accounting.Tests\StrongMTA.Accounting.Tests.csproj", "{1AFB4436-B95D-41A4-ABF2-A6A03151BEC0}"
EndProject
Global
	GlobalSection(SolutionConfigurationPlatforms) = preSolution
		Debug|Any CPU = Debug|Any CPU
		Release|Any CPU = Release|Any CPU
	EndGlobalSection
	GlobalSection(SolutionProperties) = preSolution
		HideSolutionNode = FALSE
	EndGlobalSection
	GlobalSection(ProjectConfigurationPlatforms) = postSolution
		{62B0A005-55B3-481A-977E-09E5AE63839D}.Debug|Any CPU.ActiveCfg = Debug|Any CPU
		{62B0A005-55B3-481A-977E-09E5AE63839D}.Debug|Any CPU.Build.0 = Debug|Any CPU
		{62B0A005-55B3-481A-977E-09E5AE63839D}.Release|Any CPU.ActiveCfg = Release|Any CPU
		{62B0A005-55B3-481A-977E-09E5AE63839D}.Release|Any CPU.Build.0 = Release|Any CPU
		{08CA73EC-E40F-40F3-A254-C4C30B1981F7}.Debug|Any CPU.ActiveCfg = Debug|Any CPU
		{08CA73EC-E40F-40F3-A254-C4C30B1981F7}.Debug|Any CPU.Build.0 = Debug|Any CPU
		{08CA73EC-E40F-40F3-A254-C4C30B1981F7}.Release|Any CPU.ActiveCfg = Release|Any CPU
		{08CA73EC-E40F-40F3-A254-C4C30B1981F7}.Release|Any CPU.Build.0 = Release|Any CPU
		{615E53B2-2B4E-41B9-BA4E-E7668A4C0A23}.Debug|Any CPU.ActiveCfg = Debug|Any CPU
		{615E53B2-2B4E-41B9-BA4E-E7668A4C0A23}.Debug|Any CPU.Build.0 = Debug|Any CPU
		{615E53B2-2B4E-41B9-BA4E-E7668A4C0A23}.Release|Any CPU.ActiveCfg = Release|Any CPU
		{615E53B2-2B4E-41B9-BA4E-E7668A4C0A23}.Release|Any CPU.Build.0 = Release|Any CPU
		{E36375C6-E090-4D6A-B46F-46B1B81B553B}.Debug|Any CPU.ActiveCfg = Debug|Any CPU
		{E36375C6-E090-4D6A-B46F-46B1B81B553B}.Debug|Any CPU.Build.0 = Debug|Any CPU
		{E36375C6-E090-4D6A-B46F-46B1B81B553B}.Release|Any CPU.ActiveCfg = Release|Any CPU
		{E36375C6-E090-4D6A-B46F-46B1B81B553B}.Release|Any CPU.Build.0 = Release|Any CPU
		{E77460F7-689D-4C22-B1E6-D12436F168DA}.Debug|Any CPU.ActiveCfg = Debug|Any CPU
		{E77460F7-689D-4C22-B1E6-D12436F168DA}.Debug|Any CPU.Build.0 = Debug|Any CPU
		{E77460F7-689D-4C22-B1E6-D12436F168DA}.Release|Any CPU.ActiveCfg = Release|Any CPU
		{E77460F7-689D-4C22-B1E6-D12436F168DA}.Release|Any CPU.Build.0 = Release|Any CPU
		{B08995BE-AB88-4F9E-9929-8488A76FEAD8}.Debug|Any CPU.ActiveCfg = Debug|Any CPU
		{B08995BE-AB88-4F9E-9929-8488A76FEAD8}.Debug|Any CPU.Build.0 = Debug|Any CPU
		{B08995BE-AB88-4F9E-9929-8488A76FEAD8}.Release|Any CPU.ActiveCfg = Release|Any CPU
		{B08995BE-AB88-4F9E-9929-8488A76FEAD8}.Release|Any CPU.Build.0 = Release|Any CPU
		{8E202607-E020-448B-819B-F39C71F6F5A5}.Debug|Any CPU.ActiveCfg = Debug|Any CPU
		{8E202607-E020-448B-819B-F39C71F6F5A5}.Debug|Any CPU.Build.0 = Debug|Any CPU
		{8E202607-E020-448B-819B-F39C71F6F5A5}.Release|Any CPU.ActiveCfg = Release|Any CPU
		{8E202607-E020-448B-819B-F39C71F6F5A5}.Release|Any CPU.Build.0 = Release|Any CPU
		{F0477D7F-D5B1-45FE-B411-64529D26721C}.Debug|Any CPU.ActiveCfg = Debug|Any CPU
		{F0477D7F-D5B1-45FE-B411-64529D26721C}.Debug|Any CPU.Build.0 = Debug|Any CPU
		{F0477D7F-D5B1-45FE-B411-64529D26721C}.Release|Any CPU.ActiveCfg = Release|Any CPU
		{F0477D7F-D5B1-45FE-B411-64529D26721C}.Release|Any CPU.Build.0 = Release|Any CPU
		{D507CF1A-493E-4346-B4F3-4ED01DBB5402}.Debug|Any CPU.ActiveCfg = Debug|Any CPU
		{D507CF1A-493E-4346-B4F3-4ED01DBB5402}.Debug|Any CPU.Build.0 = Debug|Any CPU
		{D507CF1A-493E-4346-B4F3-4ED01DBB5402}.Release|Any CPU.ActiveCfg = Release|Any CPU
		{D507CF1A-493E-4346-B4F3-4ED01DBB5402}.Release|Any CPU.Build.0 = Release|Any CPU
		{BC4E53D6-D017-44B0-B905-EA9F47A6205E}.Debug|Any CPU.ActiveCfg = Debug|Any CPU
		{BC4E53D6-D017-44B0-B905-EA9F47A6205E}.Debug|Any CPU.Build.0 = Debug|Any CPU
		{BC4E53D6-D017-44B0-B905-EA9F47A6205E}.Release|Any CPU.ActiveCfg = Release|Any CPU
		{BC4E53D6-D017-44B0-B905-EA9F47A6205E}.Release|Any CPU.Build.0 = Release|Any CPU
		{94C39BD2-60B8-4B81-8926-0F0FB3613ECA}.Debug|Any CPU.ActiveCfg = Debug|Any CPU
		{94C39BD2-60B8-4B81-8926-0F0FB3613ECA}.Debug|Any CPU.Build.0 = Debug|Any CPU
		{94C39BD2-60B8-4B81-8926-0F0FB3613ECA}.Release|Any CPU.ActiveCfg = Release|Any CPU
		{94C39BD2-60B8-4B81-8926-0F0FB3613ECA}.Release|Any CPU.Build.0 = Release|Any CPU
		{902669F7-29B0-4236-8041-597E0F298F0D}.Debug|Any CPU.ActiveCfg = Debug|Any CPU
		{902669F7-29B0-4236-8041-597E0F298F0D}.Debug|Any CPU.Build.0 = Debug|Any CPU
		{902669F7-29B0-4236-8041-597E0F298F0D}.Release|Any CPU.ActiveCfg = Release|Any CPU
		{902669F7-29B0-4236-8041-597E0F298F0D}.Release|Any CPU.Build.0 = Release|Any CPU
		{89FA61DD-FAB3-4B08-AACE-4669B919AE71}.Debug|Any CPU.ActiveCfg = Debug|Any CPU
		{89FA61DD-FAB3-4B08-AACE-4669B919AE71}.Debug|Any CPU.Build.0 = Debug|Any CPU
		{89FA61DD-FAB3-4B08-AACE-4669B919AE71}.Release|Any CPU.ActiveCfg = Release|Any CPU
		{89FA61DD-FAB3-4B08-AACE-4669B919AE71}.Release|Any CPU.Build.0 = Release|Any CPU
		{B80295A6-E316-4117-ABF2-FC7C3A997D8E}.Debug|Any CPU.ActiveCfg = Debug|Any CPU
		{B80295A6-E316-4117-ABF2-FC7C3A997D8E}.Debug|Any CPU.Build.0 = Debug|Any CPU
		{B80295A6-E316-4117-ABF2-FC7C3A997D8E}.Release|Any CPU.ActiveCfg = Release|Any CPU
		{B80295A6-E316-4117-ABF2-FC7C3A997D8E}.Release|Any CPU.Build.0 = Release|Any CPU
		{98488F0C-548C-4582-B678-ED17E30A68CE}.Debug|Any CPU.ActiveCfg = Debug|Any CPU
		{98488F0C-548C-4582-B678-ED17E30A68CE}.Debug|Any CPU.Build.0 = Debug|Any CPU
		{98488F0C-548C-4582-B678-ED17E30A68CE}.Release|Any CPU.ActiveCfg = Release|Any CPU
		{98488F0C-548C-4582-B678-ED17E30A68CE}.Release|Any CPU.Build.0 = Release|Any CPU
		{69FA0085-AF1C-43A3-AFDD-80CB55B0E4DA}.Debug|Any CPU.ActiveCfg = Debug|Any CPU
		{69FA0085-AF1C-43A3-AFDD-80CB55B0E4DA}.Debug|Any CPU.Build.0 = Debug|Any CPU
		{69FA0085-AF1C-43A3-AFDD-80CB55B0E4DA}.Release|Any CPU.ActiveCfg = Release|Any CPU
		{69FA0085-AF1C-43A3-AFDD-80CB55B0E4DA}.Release|Any CPU.Build.0 = Release|Any CPU
		{BB4A6B64-689A-47ED-9423-74B2510FCC51}.Debug|Any CPU.ActiveCfg = Debug|Any CPU
		{BB4A6B64-689A-47ED-9423-74B2510FCC51}.Debug|Any CPU.Build.0 = Debug|Any CPU
		{BB4A6B64-689A-47ED-9423-74B2510FCC51}.Release|Any CPU.ActiveCfg = Release|Any CPU
		{BB4A6B64-689A-47ED-9423-74B2510FCC51}.Release|Any CPU.Build.0 = Release|Any CPU
		{1AFB4436-B95D-41A4-ABF2-A6A03151BEC0}.Debug|Any CPU.ActiveCfg = Debug|Any CPU
		{1AFB4436-B95D-41A4-ABF2-A6A03151BEC0}.Debug|Any CPU.Build.0 = Debug|Any CPU
		{1AFB4436-B95D-41A4-ABF2-A6A03151BEC0}.Release|Any CPU.ActiveCfg = Release|Any CPU
		{1AFB4436-B95D-41A4-ABF2-A6A03151BEC0}.Release|Any CPU.Build.0 = Release|Any CPU
	EndGlobalSection
	GlobalSection(NestedProjects) = preSolution
		{62B0A005-55B3-481A-977E-09E5AE63839D} = {854F1EEC-7B41-4AF6-9B89-66043604C657}
		{08CA73EC-E40F-40F3-A254-C4C30B1981F7} = {854F1EEC-7B41-4AF6-9B89-66043604C657}
		{615E53B2-2B4E-41B9-BA4E-E7668A4C0A23} = {854F1EEC-7B41-4AF6-9B89-66043604C657}
		{E36375C6-E090-4D6A-B46F-46B1B81B553B} = {854F1EEC-7B41-4AF6-9B89-66043604C657}
		{E77460F7-689D-4C22-B1E6-D12436F168DA} = {854F1EEC-7B41-4AF6-9B89-66043604C657}
		{B08995BE-AB88-4F9E-9929-8488A76FEAD8} = {854F1EEC-7B41-4AF6-9B89-66043604C657}
		{8E202607-E020-448B-819B-F39C71F6F5A5} = {854F1EEC-7B41-4AF6-9B89-66043604C657}
		{F0477D7F-D5B1-45FE-B411-64529D26721C} = {854F1EEC-7B41-4AF6-9B89-66043604C657}
		{D507CF1A-493E-4346-B4F3-4ED01DBB5402} = {854F1EEC-7B41-4AF6-9B89-66043604C657}
		{BC4E53D6-D017-44B0-B905-EA9F47A6205E} = {854F1EEC-7B41-4AF6-9B89-66043604C657}
		{94C39BD2-60B8-4B81-8926-0F0FB3613ECA} = {57E994DB-21F7-439B-859D-638559A465FB}
		{902669F7-29B0-4236-8041-597E0F298F0D} = {57E994DB-21F7-439B-859D-638559A465FB}
		{89FA61DD-FAB3-4B08-AACE-4669B919AE71} = {57E994DB-21F7-439B-859D-638559A465FB}
		{B80295A6-E316-4117-ABF2-FC7C3A997D8E} = {57E994DB-21F7-439B-859D-638559A465FB}
		{98488F0C-548C-4582-B678-ED17E30A68CE} = {57E994DB-21F7-439B-859D-638559A465FB}
		{69FA0085-AF1C-43A3-AFDD-80CB55B0E4DA} = {57E994DB-21F7-439B-859D-638559A465FB}
		{BB4A6B64-689A-47ED-9423-74B2510FCC51} = {57E994DB-21F7-439B-859D-638559A465FB}
		{1AFB4436-B95D-41A4-ABF2-A6A03151BEC0} = {57E994DB-21F7-439B-859D-638559A465FB}
	EndGlobalSection
EndGlobal
